
Microsoft Visual Studio Solution File, Format Version 12.00
# Visual Studio Version 17
VisualStudioVersion = 17.8.34330.188
MinimumVisualStudioVersion = 10.0.40219.1
Project("{FAE04EC0-301F-11D3-BF4B-00C04F79EFBC}") = "Ex01_01", "Ex01_01\Ex01_01.csproj", "{11D29D50-EFF5-4ED3-B27B-B89C0AE332BD}"
EndProject
Project("{FAE04EC0-301F-11D3-BF4B-00C04F79EFBC}") = "Ex01_02", "Ex01_02\Ex01_02.csproj", "{BC21F426-9342-4A66-833C-1B8081E5F098}"
EndProject
Project("{FAE04EC0-301F-11D3-BF4B-00C04F79EFBC}") = "Ex01_03", "Ex01_03\Ex01_03.csproj", "{017E7A91-854C-4429-8E3B-967BD22DCF7E}"
EndProject
Project("{FAE04EC0-301F-11D3-BF4B-00C04F79EFBC}") = "Ex01_04", "Ex01_04\Ex01_04.csproj", "{FC2E8487-756D-4FB1-8019-FB4003434323}"
EndProject
Project("{FAE04EC0-301F-11D3-BF4B-00C04F79EFBC}") = "Ex01_05", "Ex01_05\Ex01_05.csproj", "{F25FF171-9774-44D0-A4D6-2130BCE30D73}"
EndProject
Global
	GlobalSection(SolutionConfigurationPlatforms) = preSolution
		Debug|Any CPU = Debug|Any CPU
		Release|Any CPU = Release|Any CPU
	EndGlobalSection
	GlobalSection(ProjectConfigurationPlatforms) = postSolution
		{11D29D50-EFF5-4ED3-B27B-B89C0AE332BD}.Debug|Any CPU.ActiveCfg = Debug|Any CPU
		{11D29D50-EFF5-4ED3-B27B-B89C0AE332BD}.Debug|Any CPU.Build.0 = Debug|Any CPU
		{11D29D50-EFF5-4ED3-B27B-B89C0AE332BD}.Release|Any CPU.ActiveCfg = Release|Any CPU
		{11D29D50-EFF5-4ED3-B27B-B89C0AE332BD}.Release|Any CPU.Build.0 = Release|Any CPU
		{BC21F426-9342-4A66-833C-1B8081E5F098}.Debug|Any CPU.ActiveCfg = Debug|Any CPU
		{BC21F426-9342-4A66-833C-1B8081E5F098}.Debug|Any CPU.Build.0 = Debug|Any CPU
		{BC21F426-9342-4A66-833C-1B8081E5F098}.Release|Any CPU.ActiveCfg = Release|Any CPU
		{BC21F426-9342-4A66-833C-1B8081E5F098}.Release|Any CPU.Build.0 = Release|Any CPU
		{017E7A91-854C-4429-8E3B-967BD22DCF7E}.Debug|Any CPU.ActiveCfg = Debug|Any CPU
		{017E7A91-854C-4429-8E3B-967BD22DCF7E}.Debug|Any CPU.Build.0 = Debug|Any CPU
		{017E7A91-854C-4429-8E3B-967BD22DCF7E}.Release|Any CPU.ActiveCfg = Release|Any CPU
		{017E7A91-854C-4429-8E3B-967BD22DCF7E}.Release|Any CPU.Build.0 = Release|Any CPU
		{FC2E8487-756D-4FB1-8019-FB4003434323}.Debug|Any CPU.ActiveCfg = Debug|Any CPU
		{FC2E8487-756D-4FB1-8019-FB4003434323}.Debug|Any CPU.Build.0 = Debug|Any CPU
		{FC2E8487-756D-4FB1-8019-FB4003434323}.Release|Any CPU.ActiveCfg = Release|Any CPU
		{FC2E8487-756D-4FB1-8019-FB4003434323}.Release|Any CPU.Build.0 = Release|Any CPU
		{F25FF171-9774-44D0-A4D6-2130BCE30D73}.Debug|Any CPU.ActiveCfg = Debug|Any CPU
		{F25FF171-9774-44D0-A4D6-2130BCE30D73}.Debug|Any CPU.Build.0 = Debug|Any CPU
		{F25FF171-9774-44D0-A4D6-2130BCE30D73}.Release|Any CPU.ActiveCfg = Release|Any CPU
		{F25FF171-9774-44D0-A4D6-2130BCE30D73}.Release|Any CPU.Build.0 = Release|Any CPU
	EndGlobalSection
	GlobalSection(SolutionProperties) = preSolution
		HideSolutionNode = FALSE
	EndGlobalSection
	GlobalSection(ExtensibilityGlobals) = postSolution
		SolutionGuid = {C8D54EBB-74C3-4B54-A639-3CE392702888}
	EndGlobalSection
EndGlobal
